
Microsoft Visual Studio Solution File, Format Version 12.00
# Visual Studio Version 17
VisualStudioVersion = 17.5.33502.453
MinimumVisualStudioVersion = 10.0.40219.1
Project("{FAE04EC0-301F-11D3-BF4B-00C04F79EFBC}") = "TiggersMVVM_MCLG.Android", "TiggersMVVM_MCLG\TiggersMVVM_MCLG.Android\TiggersMVVM_MCLG.Android.csproj", "{782A4079-84C8-473A-8CFE-9BA96E0F94A8}"
EndProject
Project("{FAE04EC0-301F-11D3-BF4B-00C04F79EFBC}") = "TiggersMVVM_MCLG.iOS", "TiggersMVVM_MCLG\TiggersMVVM_MCLG.iOS\TiggersMVVM_MCLG.iOS.csproj", "{A23F1130-385A-4E3D-9FD3-7C28B18DBFB7}"
EndProject
Project("{FAE04EC0-301F-11D3-BF4B-00C04F79EFBC}") = "TiggersMVVM_MCLG", "TiggersMVVM_MCLG\TiggersMVVM_MCLG\TiggersMVVM_MCLG.csproj", "{836068BC-56D2-41AA-8ED0-5FA0A784EA04}"
EndProject
Global
	GlobalSection(SolutionConfigurationPlatforms) = preSolution
		Debug|Any CPU = Debug|Any CPU
		Debug|iPhone = Debug|iPhone
		Debug|iPhoneSimulator = Debug|iPhoneSimulator
		Release|Any CPU = Release|Any CPU
		Release|iPhone = Release|iPhone
		Release|iPhoneSimulator = Release|iPhoneSimulator
	EndGlobalSection
	GlobalSection(ProjectConfigurationPlatforms) = postSolution
		{782A4079-84C8-473A-8CFE-9BA96E0F94A8}.Debug|Any CPU.ActiveCfg = Debug|Any CPU
		{782A4079-84C8-473A-8CFE-9BA96E0F94A8}.Debug|Any CPU.Build.0 = Debug|Any CPU
		{782A4079-84C8-473A-8CFE-9BA96E0F94A8}.Debug|Any CPU.Deploy.0 = Debug|Any CPU
		{782A4079-84C8-473A-8CFE-9BA96E0F94A8}.Debug|iPhone.ActiveCfg = Debug|Any CPU
		{782A4079-84C8-473A-8CFE-9BA96E0F94A8}.Debug|iPhone.Build.0 = Debug|Any CPU
		{782A4079-84C8-473A-8CFE-9BA96E0F94A8}.Debug|iPhone.Deploy.0 = Debug|Any CPU
		{782A4079-84C8-473A-8CFE-9BA96E0F94A8}.Debug|iPhoneSimulator.ActiveCfg = Debug|Any CPU
		{782A4079-84C8-473A-8CFE-9BA96E0F94A8}.Debug|iPhoneSimulator.Build.0 = Debug|Any CPU
		{782A4079-84C8-473A-8CFE-9BA96E0F94A8}.Debug|iPhoneSimulator.Deploy.0 = Debug|Any CPU
		{782A4079-84C8-473A-8CFE-9BA96E0F94A8}.Release|Any CPU.ActiveCfg = Release|Any CPU
		{782A4079-84C8-473A-8CFE-9BA96E0F94A8}.Release|Any CPU.Build.0 = Release|Any CPU
		{782A4079-84C8-473A-8CFE-9BA96E0F94A8}.Release|Any CPU.Deploy.0 = Release|Any CPU
		{782A4079-84C8-473A-8CFE-9BA96E0F94A8}.Release|iPhone.ActiveCfg = Release|Any CPU
		{782A4079-84C8-473A-8CFE-9BA96E0F94A8}.Release|iPhone.Build.0 = Release|Any CPU
		{782A4079-84C8-473A-8CFE-9BA96E0F94A8}.Release|iPhone.Deploy.0 = Release|Any CPU
		{782A4079-84C8-473A-8CFE-9BA96E0F94A8}.Release|iPhoneSimulator.ActiveCfg = Release|Any CPU
		{782A4079-84C8-473A-8CFE-9BA96E0F94A8}.Release|iPhoneSimulator.Build.0 = Release|Any CPU
		{782A4079-84C8-473A-8CFE-9BA96E0F94A8}.Release|iPhoneSimulator.Deploy.0 = Release|Any CPU
		{A23F1130-385A-4E3D-9FD3-7C28B18DBFB7}.Debug|Any CPU.ActiveCfg = Debug|iPhone
		{A23F1130-385A-4E3D-9FD3-7C28B18DBFB7}.Debug|Any CPU.Build.0 = Debug|iPhone
		{A23F1130-385A-4E3D-9FD3-7C28B18DBFB7}.Debug|Any CPU.Deploy.0 = Debug|iPhone
		{A23F1130-385A-4E3D-9FD3-7C28B18DBFB7}.Debug|iPhone.ActiveCfg = Debug|iPhone
		{A23F1130-385A-4E3D-9FD3-7C28B18DBFB7}.Debug|iPhone.Build.0 = Debug|iPhone
		{A23F1130-385A-4E3D-9FD3-7C28B18DBFB7}.Debug|iPhone.Deploy.0 = Debug|iPhone
		{A23F1130-385A-4E3D-9FD3-7C28B18DBFB7}.Debug|iPhoneSimulator.ActiveCfg = Debug|iPhoneSimulator
		{A23F1130-385A-4E3D-9FD3-7C28B18DBFB7}.Debug|iPhoneSimulator.Build.0 = Debug|iPhoneSimulator
		{A23F1130-385A-4E3D-9FD3-7C28B18DBFB7}.Debug|iPhoneSimulator.Deploy.0 = Debug|iPhoneSimulator
		{A23F1130-385A-4E3D-9FD3-7C28B18DBFB7}.Release|Any CPU.ActiveCfg = Release|iPhoneSimulator
		{A23F1130-385A-4E3D-9FD3-7C28B18DBFB7}.Release|Any CPU.Build.0 = Release|iPhoneSimulator
		{A23F1130-385A-4E3D-9FD3-7C28B18DBFB7}.Release|Any CPU.Deploy.0 = Release|iPhoneSimulator
		{A23F1130-385A-4E3D-9FD3-7C28B18DBFB7}.Release|iPhone.ActiveCfg = Release|iPhone
		{A23F1130-385A-4E3D-9FD3-7C28B18DBFB7}.Release|iPhone.Build.0 = Release|iPhone
		{A23F1130-385A-4E3D-9FD3-7C28B18DBFB7}.Release|iPhone.Deploy.0 = Release|iPhone
		{A23F1130-385A-4E3D-9FD3-7C28B18DBFB7}.Release|iPhoneSimulator.ActiveCfg = Release|iPhoneSimulator
		{A23F1130-385A-4E3D-9FD3-7C28B18DBFB7}.Release|iPhoneSimulator.Build.0 = Release|iPhoneSimulator
		{A23F1130-385A-4E3D-9FD3-7C28B18DBFB7}.Release|iPhoneSimulator.Deploy.0 = Release|iPhoneSimulator
		{836068BC-56D2-41AA-8ED0-5FA0A784EA04}.Debug|Any CPU.ActiveCfg = Debug|Any CPU
		{836068BC-56D2-41AA-8ED0-5FA0A784EA04}.Debug|Any CPU.Build.0 = Debug|Any CPU
		{836068BC-56D2-41AA-8ED0-5FA0A784EA04}.Debug|Any CPU.Deploy.0 = Debug|Any CPU
		{836068BC-56D2-41AA-8ED0-5FA0A784EA04}.Debug|iPhone.ActiveCfg = Debug|Any CPU
		{836068BC-56D2-41AA-8ED0-5FA0A784EA04}.Debug|iPhone.Build.0 = Debug|Any CPU
		{836068BC-56D2-41AA-8ED0-5FA0A784EA04}.Debug|iPhone.Deploy.0 = Debug|Any CPU
		{836068BC-56D2-41AA-8ED0-5FA0A784EA04}.Debug|iPhoneSimulator.ActiveCfg = Debug|Any CPU
		{836068BC-56D2-41AA-8ED0-5FA0A784EA04}.Debug|iPhoneSimulator.Build.0 = Debug|Any CPU
		{836068BC-56D2-41AA-8ED0-5FA0A784EA04}.Debug|iPhoneSimulator.Deploy.0 = Debug|Any CPU
		{836068BC-56D2-41AA-8ED0-5FA0A784EA04}.Release|Any CPU.ActiveCfg = Release|Any CPU
		{836068BC-56D2-41AA-8ED0-5FA0A784EA04}.Release|Any CPU.Build.0 = Release|Any CPU
		{836068BC-56D2-41AA-8ED0-5FA0A784EA04}.Release|Any CPU.Deploy.0 = Release|Any CPU
		{836068BC-56D2-41AA-8ED0-5FA0A784EA04}.Release|iPhone.ActiveCfg = Release|Any CPU
		{836068BC-56D2-41AA-8ED0-5FA0A784EA04}.Release|iPhone.Build.0 = Release|Any CPU
		{836068BC-56D2-41AA-8ED0-5FA0A784EA04}.Release|iPhone.Deploy.0 = Release|Any CPU
		{836068BC-56D2-41AA-8ED0-5FA0A784EA04}.Release|iPhoneSimulator.ActiveCfg = Release|Any CPU
		{836068BC-56D2-41AA-8ED0-5FA0A784EA04}.Release|iPhoneSimulator.Build.0 = Release|Any CPU
		{836068BC-56D2-41AA-8ED0-5FA0A784EA04}.Release|iPhoneSimulator.Deploy.0 = Release|Any CPU
	EndGlobalSection
	GlobalSection(SolutionProperties) = preSolution
		HideSolutionNode = FALSE
	EndGlobalSection
	GlobalSection(ExtensibilityGlobals) = postSolution
		SolutionGuid = {E7192D9E-9A05-4E05-81B0-6D04EE1EC2D4}
	EndGlobalSection
EndGlobal
